
Microsoft Visual Studio Solution File, Format Version 12.00
# Visual Studio Version 17
VisualStudioVersion = 17.14.36603.0 d17.14
MinimumVisualStudioVersion = 10.0.40219.1
Project("{FAE04EC0-301F-11D3-BF4B-00C04F79EFBC}") = "SearchEngineService", "SearchEngineService\SearchEngineService.csproj", "{0452C90D-3456-4027-8D59-DA95C4319F86}"
EndProject
Project("{2150E333-8FDC-42A3-9474-1A3956D46DE8}") = "Çözüm Öğeleri", "Çözüm Öğeleri", "{AC80F682-3D55-C8F8-4895-A4A9EDD49434}"
	ProjectSection(SolutionItems) = preProject
		docker-compose.yml = docker-compose.yml
	EndProjectSection
EndProject
Global
	GlobalSection(SolutionConfigurationPlatforms) = preSolution
		Debug|Any CPU = Debug|Any CPU
		Release|Any CPU = Release|Any CPU
	EndGlobalSection
	GlobalSection(ProjectConfigurationPlatforms) = postSolution
		{0452C90D-3456-4027-8D59-DA95C4319F86}.Debug|Any CPU.ActiveCfg = Debug|Any CPU
		{0452C90D-3456-4027-8D59-DA95C4319F86}.Debug|Any CPU.Build.0 = Debug|Any CPU
		{0452C90D-3456-4027-8D59-DA95C4319F86}.Release|Any CPU.ActiveCfg = Release|Any CPU
		{0452C90D-3456-4027-8D59-DA95C4319F86}.Release|Any CPU.Build.0 = Release|Any CPU
	EndGlobalSection
	GlobalSection(SolutionProperties) = preSolution
		HideSolutionNode = FALSE
	EndGlobalSection
	GlobalSection(ExtensibilityGlobals) = postSolution
		SolutionGuid = {9D1A8F4A-9110-44DD-889A-EB4221A86559}
	EndGlobalSection
EndGlobal
